
Microsoft Visual Studio Solution File, Format Version 12.00
# Visual Studio 15
Project("{FAE04EC0-301F-11D3-BF4B-00C04F79EFBC}") = "Assembly-CSharp", "Assembly-CSharp.csproj", "{D00ED952-BF7D-B25F-E527-6887354C5E7A}"
EndProject
Project("{FAE04EC0-301F-11D3-BF4B-00C04F79EFBC}") = "Assembly-CSharp-Editor", "Assembly-CSharp-Editor.csproj", "{8196395F-44E6-D803-2201-EFF3F7A4768A}"
EndProject
Global
	GlobalSection(SolutionConfigurationPlatforms) = preSolution
		Debug|Any CPU = Debug|Any CPU
		Release|Any CPU = Release|Any CPU
	EndGlobalSection
	GlobalSection(ProjectConfigurationPlatforms) = postSolution
		{D00ED952-BF7D-B25F-E527-6887354C5E7A}.Debug|Any CPU.ActiveCfg = Debug|Any CPU
		{D00ED952-BF7D-B25F-E527-6887354C5E7A}.Debug|Any CPU.Build.0 = Debug|Any CPU
		{D00ED952-BF7D-B25F-E527-6887354C5E7A}.Release|Any CPU.ActiveCfg = Release|Any CPU
		{D00ED952-BF7D-B25F-E527-6887354C5E7A}.Release|Any CPU.Build.0 = Release|Any CPU
		{8196395F-44E6-D803-2201-EFF3F7A4768A}.Debug|Any CPU.ActiveCfg = Debug|Any CPU
		{8196395F-44E6-D803-2201-EFF3F7A4768A}.Debug|Any CPU.Build.0 = Debug|Any CPU
		{8196395F-44E6-D803-2201-EFF3F7A4768A}.Release|Any CPU.ActiveCfg = Release|Any CPU
		{8196395F-44E6-D803-2201-EFF3F7A4768A}.Release|Any CPU.Build.0 = Release|Any CPU
	EndGlobalSection
	GlobalSection(SolutionProperties) = preSolution
		HideSolutionNode = FALSE
	EndGlobalSection
EndGlobal
